
Microsoft Visual Studio Solution File, Format Version 12.00
# Visual Studio 15
VisualStudioVersion = 15.0.28307.852
MinimumVisualStudioVersion = 10.0.40219.1
Project("{FAE04EC0-301F-11D3-BF4B-00C04F79EFBC}") = "Lawnchair", "Lawnchair\Lawnchair.csproj", "{B98BC833-ABDF-49E7-8D03-D0C5CF8427B9}"
EndProject
Global
	GlobalSection(SolutionConfigurationPlatforms) = preSolution
		Debug|Any CPU = Debug|Any CPU
		Release|Any CPU = Release|Any CPU
	EndGlobalSection
	GlobalSection(ProjectConfigurationPlatforms) = postSolution
		{B98BC833-ABDF-49E7-8D03-D0C5CF8427B9}.Debug|Any CPU.ActiveCfg = Debug|Any CPU
		{B98BC833-ABDF-49E7-8D03-D0C5CF8427B9}.Debug|Any CPU.Build.0 = Debug|Any CPU
		{B98BC833-ABDF-49E7-8D03-D0C5CF8427B9}.Release|Any CPU.ActiveCfg = Release|Any CPU
		{B98BC833-ABDF-49E7-8D03-D0C5CF8427B9}.Release|Any CPU.Build.0 = Release|Any CPU
	EndGlobalSection
	GlobalSection(SolutionProperties) = preSolution
		HideSolutionNode = FALSE
	EndGlobalSection
	GlobalSection(ExtensibilityGlobals) = postSolution
		SolutionGuid = {A949869E-CB98-49B5-810A-F88FF5529C47}
	EndGlobalSection
EndGlobal
